
Microsoft Visual Studio Solution File, Format Version 12.00
# Visual Studio Version 17
VisualStudioVersion = 17.7.34031.279
MinimumVisualStudioVersion = 10.0.40219.1
Project("{FAE04EC0-301F-11D3-BF4B-00C04F79EFBC}") = "inlamning5.2c-a", "inlamning5.2c-a\inlamning5.2c-a.csproj", "{61110A8D-B0E6-455D-A8BC-F19EEE96870E}"
EndProject
Global
	GlobalSection(SolutionConfigurationPlatforms) = preSolution
		Debug|Any CPU = Debug|Any CPU
		Release|Any CPU = Release|Any CPU
	EndGlobalSection
	GlobalSection(ProjectConfigurationPlatforms) = postSolution
		{61110A8D-B0E6-455D-A8BC-F19EEE96870E}.Debug|Any CPU.ActiveCfg = Debug|Any CPU
		{61110A8D-B0E6-455D-A8BC-F19EEE96870E}.Debug|Any CPU.Build.0 = Debug|Any CPU
		{61110A8D-B0E6-455D-A8BC-F19EEE96870E}.Release|Any CPU.ActiveCfg = Release|Any CPU
		{61110A8D-B0E6-455D-A8BC-F19EEE96870E}.Release|Any CPU.Build.0 = Release|Any CPU
	EndGlobalSection
	GlobalSection(SolutionProperties) = preSolution
		HideSolutionNode = FALSE
	EndGlobalSection
	GlobalSection(ExtensibilityGlobals) = postSolution
		SolutionGuid = {EFEB91B3-C769-4821-BE00-695B2E0DC5ED}
	EndGlobalSection
EndGlobal
